
Microsoft Visual Studio Solution File, Format Version 12.00
# Visual Studio Version 17
VisualStudioVersion = 17.4.33205.214
MinimumVisualStudioVersion = 10.0.40219.1
Project("{FAE04EC0-301F-11D3-BF4B-00C04F79EFBC}") = "SolarisExMachina", "ConsoleApp1\SolarisExMachina.csproj", "{32656D1D-2E3D-4758-A67D-23CA66165F9C}"
EndProject
Global
	GlobalSection(SolutionConfigurationPlatforms) = preSolution
		Debug|Any CPU = Debug|Any CPU
		Release|Any CPU = Release|Any CPU
	EndGlobalSection
	GlobalSection(ProjectConfigurationPlatforms) = postSolution
		{32656D1D-2E3D-4758-A67D-23CA66165F9C}.Debug|Any CPU.ActiveCfg = Debug|Any CPU
		{32656D1D-2E3D-4758-A67D-23CA66165F9C}.Debug|Any CPU.Build.0 = Debug|Any CPU
		{32656D1D-2E3D-4758-A67D-23CA66165F9C}.Release|Any CPU.ActiveCfg = Release|Any CPU
		{32656D1D-2E3D-4758-A67D-23CA66165F9C}.Release|Any CPU.Build.0 = Release|Any CPU
	EndGlobalSection
	GlobalSection(SolutionProperties) = preSolution
		HideSolutionNode = FALSE
	EndGlobalSection
	GlobalSection(ExtensibilityGlobals) = postSolution
		SolutionGuid = {7BBDA112-8A26-4774-BBA5-904100BDCBBD}
	EndGlobalSection
EndGlobal
